
Microsoft Visual Studio Solution File, Format Version 12.00
# Visual Studio 15
VisualStudioVersion = 15.0.27428.2027
MinimumVisualStudioVersion = 10.0.40219.1
Project("{FAE04EC0-301F-11D3-BF4B-00C04F79EFBC}") = "xUnitAutoFixture", "xUnitAutoFixture\xUnitAutoFixture.csproj", "{8F75D5BA-F912-415F-8944-44CCF7F2E7AB}"
EndProject
Global
	GlobalSection(SolutionConfigurationPlatforms) = preSolution
		Debug|Any CPU = Debug|Any CPU
		Release|Any CPU = Release|Any CPU
	EndGlobalSection
	GlobalSection(ProjectConfigurationPlatforms) = postSolution
		{8F75D5BA-F912-415F-8944-44CCF7F2E7AB}.Debug|Any CPU.ActiveCfg = Debug|Any CPU
		{8F75D5BA-F912-415F-8944-44CCF7F2E7AB}.Debug|Any CPU.Build.0 = Debug|Any CPU
		{8F75D5BA-F912-415F-8944-44CCF7F2E7AB}.Release|Any CPU.ActiveCfg = Release|Any CPU
		{8F75D5BA-F912-415F-8944-44CCF7F2E7AB}.Release|Any CPU.Build.0 = Release|Any CPU
	EndGlobalSection
	GlobalSection(SolutionProperties) = preSolution
		HideSolutionNode = FALSE
	EndGlobalSection
	GlobalSection(ExtensibilityGlobals) = postSolution
		SolutionGuid = {807D6BD2-309A-4F61-BE82-77CE4056B216}
	EndGlobalSection
EndGlobal
